<?xml version="1.0" encoding="utf-8"?>
<Project ToolsVersion="4.0" xmlns="http://schemas.microsoft.com/developer/msbuild/2003">
  <ItemGroup>
    <Filter Include="src">
      <UniqueIdentifier>{4FC737F1-C7A5-4376-A066-2A32D752A300}</UniqueIdentifier>
      <Extensions>h;hh;hpp;hxx;hm;inl;inc;ipp;ixx;xsd;cpp;c;cc;cxx;def;odl;idl;hpj;bat;asm;asmx</Extensions>
    </Filter>
    <Filter Include="res">
      <UniqueIdentifier>{67DA6AB6-F800-4c08-8B7A-83BB121AAD02}</UniqueIdentifier>
      <Extensions>rc;ico;cur;bmp;dlg;rc2;rct;bin;rgs;gif;jpg;jpeg;jpe;resx;tiff;tif;png;wav;mfcribbon-ms</Extensions>
    </Filter>
    <Filter Include="src\librados">
      <UniqueIdentifier>{2646a49f-9d4d-4bb5-9a98-63540c24fb97}</UniqueIdentifier>
    </Filter>
    <Filter Include="src\include">
      <UniqueIdentifier>{9ecd4a60-eb1e-4923-abb3-53489eeb1334}</UniqueIdentifier>
    </Filter>
    <Filter Include="src\include\rados">
      <UniqueIdentifier>{18b953fe-c72f-4ae7-84c6-1ec49678a186}</UniqueIdentifier>
    </Filter>
    <Filter Include="src\common">
      <UniqueIdentifier>{c5df51ad-24bd-4c3a-9f0f-470488e8d93f}</UniqueIdentifier>
    </Filter>
  </ItemGroup>
  <ItemGroup>
    <ClInclude Include="..\..\..\..\..\src\librados\AioCompletionImpl.h">
      <Filter>src\librados</Filter>
    </ClInclude>
    <ClInclude Include="..\..\..\..\..\src\librados\IoCtxImpl.h">
      <Filter>src\librados</Filter>
    </ClInclude>
    <ClInclude Include="..\..\..\..\..\src\librados\ListObjectImpl.h">
      <Filter>src\librados</Filter>
    </ClInclude>
    <ClInclude Include="..\..\..\..\..\src\librados\PoolAsyncCompletionImpl.h">
      <Filter>src\librados</Filter>
    </ClInclude>
    <ClInclude Include="..\..\..\..\..\src\librados\RadosClient.h">
      <Filter>src\librados</Filter>
    </ClInclude>
    <ClInclude Include="..\..\..\..\..\src\librados\RadosXattrIter.h">
      <Filter>src\librados</Filter>
    </ClInclude>
    <ClInclude Include="..\..\..\..\..\src\librados\snap_set_diff.h">
      <Filter>src\librados</Filter>
    </ClInclude>
    <ClInclude Include="..\..\..\..\..\src\include\rados\rados_types.hpp">
      <Filter>src\include\rados</Filter>
    </ClInclude>
    <ClInclude Include="..\..\..\..\..\src\include\rados\buffer.h">
      <Filter>src\include\rados</Filter>
    </ClInclude>
    <ClInclude Include="..\..\..\..\..\src\include\rados\crc32c.h">
      <Filter>src\include\rados</Filter>
    </ClInclude>
    <ClInclude Include="..\..\..\..\..\src\include\rados\librados.h">
      <Filter>src\include\rados</Filter>
    </ClInclude>
    <ClInclude Include="..\..\..\..\..\src\include\rados\librados.hpp">
      <Filter>src\include\rados</Filter>
    </ClInclude>
    <ClInclude Include="..\..\..\..\..\src\include\rados\librgw.h">
      <Filter>src\include\rados</Filter>
    </ClInclude>
    <ClInclude Include="..\..\..\..\..\src\include\rados\memory.h">
      <Filter>src\include\rados</Filter>
    </ClInclude>
    <ClInclude Include="..\..\..\..\..\src\include\rados\page.h">
      <Filter>src\include\rados</Filter>
    </ClInclude>
    <ClInclude Include="..\..\..\..\..\src\include\rados\rados_types.h">
      <Filter>src\include\rados</Filter>
    </ClInclude>
    <ClInclude Include="..\..\..\..\..\src\common\address_helper.h">
      <Filter>src\common</Filter>
    </ClInclude>
    <ClInclude Include="..\..\..\..\..\src\common\admin_socket.h">
      <Filter>src\common</Filter>
    </ClInclude>
    <ClInclude Include="..\..\..\..\..\src\common\admin_socket_client.h">
      <Filter>src\common</Filter>
    </ClInclude>
    <ClInclude Include="..\..\..\..\..\src\common\arch.h">
      <Filter>src\common</Filter>
    </ClInclude>
    <ClInclude Include="..\..\..\..\..\src\common\armor.h">
      <Filter>src\common</Filter>
    </ClInclude>
    <ClInclude Include="..\..\..\..\..\src\common\AsyncReserver.h">
      <Filter>src\common</Filter>
    </ClInclude>
    <ClInclude Include="..\..\..\..\..\src\common\BackTrace.h">
      <Filter>src\common</Filter>
    </ClInclude>
    <ClInclude Include="..\..\..\..\..\src\common\bit_vector.hpp">
      <Filter>src\common</Filter>
    </ClInclude>
    <ClInclude Include="..\..\..\..\..\src\common\blkdev.h">
      <Filter>src\common</Filter>
    </ClInclude>
    <ClInclude Include="..\..\..\..\..\src\common\bloom_filter.hpp">
      <Filter>src\common</Filter>
    </ClInclude>
    <ClInclude Include="..\..\..\..\..\src\common\ceph_argparse.h">
      <Filter>src\common</Filter>
    </ClInclude>
    <ClInclude Include="..\..\..\..\..\src\common\ceph_context.h">
      <Filter>src\common</Filter>
    </ClInclude>
    <ClInclude Include="..\..\..\..\..\src\common\ceph_crypto.h">
      <Filter>src\common</Filter>
    </ClInclude>
    <ClInclude Include="..\..\..\..\..\src\common\ceph_crypto_cms.h">
      <Filter>src\common</Filter>
    </ClInclude>
    <ClInclude Include="..\..\..\..\..\src\common\ceph_json.h">
      <Filter>src\common</Filter>
    </ClInclude>
    <ClInclude Include="..\..\..\..\..\src\common\Clock.h">
      <Filter>src\common</Filter>
    </ClInclude>
    <ClInclude Include="..\..\..\..\..\src\common\cmdparse.h">
      <Filter>src\common</Filter>
    </ClInclude>
    <ClInclude Include="..\..\..\..\..\src\common\code_environment.h">
      <Filter>src\common</Filter>
    </ClInclude>
    <ClInclude Include="..\..\..\..\..\src\common\common_init.h">
      <Filter>src\common</Filter>
    </ClInclude>
    <ClInclude Include="..\..\..\..\..\src\common\compiler_extensions.h">
      <Filter>src\common</Filter>
    </ClInclude>
    <ClInclude Include="..\..\..\..\..\src\common\Cond.h">
      <Filter>src\common</Filter>
    </ClInclude>
    <ClInclude Include="..\..\..\..\..\src\common\config.h">
      <Filter>src\common</Filter>
    </ClInclude>
    <ClInclude Include="..\..\..\..\..\src\common\config_obs.h">
      <Filter>src\common</Filter>
    </ClInclude>
    <ClInclude Include="..\..\..\..\..\src\common\config_opts.h">
      <Filter>src\common</Filter>
    </ClInclude>
    <ClInclude Include="..\..\..\..\..\src\common\ConfUtils.h">
      <Filter>src\common</Filter>
    </ClInclude>
    <ClInclude Include="..\..\..\..\..\src\common\ContextCompletion.h">
      <Filter>src\common</Filter>
    </ClInclude>
    <ClInclude Include="..\..\..\..\..\src\common\Continuation.h">
      <Filter>src\common</Filter>
    </ClInclude>
    <ClInclude Include="..\..\..\..\..\src\common\crc32c_aarch64.h">
      <Filter>src\common</Filter>
    </ClInclude>
    <ClInclude Include="..\..\..\..\..\src\common\crc32c_intel_baseline.h">
      <Filter>src\common</Filter>
    </ClInclude>
    <ClInclude Include="..\..\..\..\..\src\common\crc32c_intel_fast.h">
      <Filter>src\common</Filter>
    </ClInclude>
    <ClInclude Include="..\..\..\..\..\src\common\Cycles.h">
      <Filter>src\common</Filter>
    </ClInclude>
    <ClInclude Include="..\..\..\..\..\src\common\debug.h">
      <Filter>src\common</Filter>
    </ClInclude>
    <ClInclude Include="..\..\..\..\..\src\common\DecayCounter.h">
      <Filter>src\common</Filter>
    </ClInclude>
    <ClInclude Include="..\..\..\..\..\src\common\dout.h">
      <Filter>src\common</Filter>
    </ClInclude>
    <ClInclude Include="..\..\..\..\..\src\common\entity_name.h">
      <Filter>src\common</Filter>
    </ClInclude>
    <ClInclude Include="..\..\..\..\..\src\common\environment.h">
      <Filter>src\common</Filter>
    </ClInclude>
    <ClInclude Include="..\..\..\..\..\src\common\errno.h">
      <Filter>src\common</Filter>
    </ClInclude>
    <ClInclude Include="..\..\..\..\..\src\common\escape.h">
      <Filter>src\common</Filter>
    </ClInclude>
    <ClInclude Include="..\..\..\..\..\src\common\fd.h">
      <Filter>src\common</Filter>
    </ClInclude>
    <ClInclude Include="..\..\..\..\..\src\common\Finisher.h">
      <Filter>src\common</Filter>
    </ClInclude>
    <ClInclude Include="..\..\..\..\..\src\common\Formatter.h">
      <Filter>src\common</Filter>
    </ClInclude>
    <ClInclude Include="..\..\..\..\..\src\common\HeartbeatMap.h">
      <Filter>src\common</Filter>
    </ClInclude>
    <ClInclude Include="..\..\..\..\..\src\common\hex.h">
      <Filter>src\common</Filter>
    </ClInclude>
    <ClInclude Include="..\..\..\..\..\src\common\histogram.h">
      <Filter>src\common</Filter>
    </ClInclude>
    <ClInclude Include="..\..\..\..\..\src\common\hobject.h">
      <Filter>src\common</Filter>
    </ClInclude>
    <ClInclude Include="..\..\..\..\..\src\common\Initialize.h">
      <Filter>src\common</Filter>
    </ClInclude>
    <ClInclude Include="..\..\..\..\..\src\common\io_priority.h">
      <Filter>src\common</Filter>
    </ClInclude>
    <ClInclude Include="..\..\..\..\..\src\common\likely.h">
      <Filter>src\common</Filter>
    </ClInclude>
    <ClInclude Include="..\..\..\..\..\src\common\linux_version.h">
      <Filter>src\common</Filter>
    </ClInclude>
    <ClInclude Include="..\..\..\..\..\src\common\lockdep.h">
      <Filter>src\common</Filter>
    </ClInclude>
    <ClInclude Include="..\..\..\..\..\src\common\LogClient.h">
      <Filter>src\common</Filter>
    </ClInclude>
    <ClInclude Include="..\..\..\..\..\src\common\LogEntry.h">
      <Filter>src\common</Filter>
    </ClInclude>
    <ClInclude Include="..\..\..\..\..\src\common\lru_map.h">
      <Filter>src\common</Filter>
    </ClInclude>
    <ClInclude Include="..\..\..\..\..\src\common\map_cacher.hpp">
      <Filter>src\common</Filter>
    </ClInclude>
    <ClInclude Include="..\..\..\..\..\src\common\MemoryModel.h">
      <Filter>src\common</Filter>
    </ClInclude>
    <ClInclude Include="..\..\..\..\..\src\common\mime.h">
      <Filter>src\common</Filter>
    </ClInclude>
    <ClInclude Include="..\..\..\..\..\src\common\module.h">
      <Filter>src\common</Filter>
    </ClInclude>
    <ClInclude Include="..\..\..\..\..\src\common\Mutex.h">
      <Filter>src\common</Filter>
    </ClInclude>
    <ClInclude Include="..\..\..\..\..\src\common\obj_bencher.h">
      <Filter>src\common</Filter>
    </ClInclude>
    <ClInclude Include="..\..\..\..\..\src\common\OutputDataSocket.h">
      <Filter>src\common</Filter>
    </ClInclude>
    <ClInclude Include="..\..\..\..\..\src\common\perf_counters.h">
      <Filter>src\common</Filter>
    </ClInclude>
    <ClInclude Include="..\..\..\..\..\src\common\pick_address.h">
      <Filter>src\common</Filter>
    </ClInclude>
    <ClInclude Include="..\..\..\..\..\src\common\pipe.h">
      <Filter>src\common</Filter>
    </ClInclude>
    <ClInclude Include="..\..\..\..\..\src\common\PrebufferedStreambuf.h">
      <Filter>src\common</Filter>
    </ClInclude>
    <ClInclude Include="..\..\..\..\..\src\common\Preforker.h">
      <Filter>src\common</Filter>
    </ClInclude>
    <ClInclude Include="..\..\..\..\..\src\common\PrioritizedQueue.h">
      <Filter>src\common</Filter>
    </ClInclude>
    <ClInclude Include="..\..\..\..\..\src\common\QueueRing.h">
      <Filter>src\common</Filter>
    </ClInclude>
    <ClInclude Include="..\..\..\..\..\src\common\random_cache.hpp">
      <Filter>src\common</Filter>
    </ClInclude>
    <ClInclude Include="..\..\..\..\..\src\common\Readahead.h">
      <Filter>src\common</Filter>
    </ClInclude>
    <ClInclude Include="..\..\..\..\..\src\common\RefCountedObj.h">
      <Filter>src\common</Filter>
    </ClInclude>
    <ClInclude Include="..\..\..\..\..\src\common\run_cmd.h">
      <Filter>src\common</Filter>
    </ClInclude>
    <ClInclude Include="..\..\..\..\..\src\common\RWLock.h">
      <Filter>src\common</Filter>
    </ClInclude>
    <ClInclude Include="..\..\..\..\..\src\common\safe_io.h">
      <Filter>src\common</Filter>
    </ClInclude>
    <ClInclude Include="..\..\..\..\..\src\common\sctp_crc32.h">
      <Filter>src\common</Filter>
    </ClInclude>
    <ClInclude Include="..\..\..\..\..\src\common\secret.h">
      <Filter>src\common</Filter>
    </ClInclude>
    <ClInclude Include="..\..\..\..\..\src\common\Semaphore.h">
      <Filter>src\common</Filter>
    </ClInclude>
    <ClInclude Include="..\..\..\..\..\src\common\shared_cache.hpp">
      <Filter>src\common</Filter>
    </ClInclude>
    <ClInclude Include="..\..\..\..\..\src\common\sharedptr_registry.hpp">
      <Filter>src\common</Filter>
    </ClInclude>
    <ClInclude Include="..\..\..\..\..\src\common\signal.h">
      <Filter>src\common</Filter>
    </ClInclude>
    <ClInclude Include="..\..\..\..\..\src\common\simple_cache.hpp">
      <Filter>src\common</Filter>
    </ClInclude>
    <ClInclude Include="..\..\..\..\..\src\common\simple_spin.h">
      <Filter>src\common</Filter>
    </ClInclude>
    <ClInclude Include="..\..\..\..\..\src\common\SimpleRNG.h">
      <Filter>src\common</Filter>
    </ClInclude>
    <ClInclude Include="..\..\..\..\..\src\common\SloppyCRCMap.h">
      <Filter>src\common</Filter>
    </ClInclude>
    <ClInclude Include="..\..\..\..\..\src\common\snap_types.h">
      <Filter>src\common</Filter>
    </ClInclude>
    <ClInclude Include="..\..\..\..\..\src\common\static_assert.h">
      <Filter>src\common</Filter>
    </ClInclude>
    <ClInclude Include="..\..\..\..\..\src\common\strtol.h">
      <Filter>src\common</Filter>
    </ClInclude>
    <ClInclude Include="..\..\..\..\..\src\common\SubProcess.h">
      <Filter>src\common</Filter>
    </ClInclude>
    <ClInclude Include="..\..\..\..\..\src\common\sync_filesystem.h">
      <Filter>src\common</Filter>
    </ClInclude>
    <ClInclude Include="..\..\..\..\..\src\common\TextTable.h">
      <Filter>src\common</Filter>
    </ClInclude>
    <ClInclude Include="..\..\..\..\..\src\common\Thread.h">
      <Filter>src\common</Filter>
    </ClInclude>
    <ClInclude Include="..\..\..\..\..\src\common\Throttle.h">
      <Filter>src\common</Filter>
    </ClInclude>
    <ClInclude Include="..\..\..\..\..\src\common\Timer.h">
      <Filter>src\common</Filter>
    </ClInclude>
    <ClInclude Include="..\..\..\..\..\src\common\TracepointProvider.h">
      <Filter>src\common</Filter>
    </ClInclude>
    <ClInclude Include="..\..\..\..\..\src\common\tracked_int_ptr.hpp">
      <Filter>src\common</Filter>
    </ClInclude>
    <ClInclude Include="..\..\..\..\..\src\common\TrackedOp.h">
      <Filter>src\common</Filter>
    </ClInclude>
    <ClInclude Include="..\..\..\..\..\src\common\utf8.h">
      <Filter>src\common</Filter>
    </ClInclude>
    <ClInclude Include="..\..\..\..\..\src\common\valgrind.h">
      <Filter>src\common</Filter>
    </ClInclude>
    <ClInclude Include="..\..\..\..\..\src\common\version.h">
      <Filter>src\common</Filter>
    </ClInclude>
    <ClInclude Include="..\..\..\..\..\src\common\WorkQueue.h">
      <Filter>src\common</Filter>
    </ClInclude>
    <ClInclude Include="..\..\..\..\..\src\common\xattr.h">
      <Filter>src\common</Filter>
    </ClInclude>
  </ItemGroup>
  <ItemGroup>
    <ClCompile Include="..\..\..\..\..\src\librados\IoCtxImpl.cc">
      <Filter>src\librados</Filter>
    </ClCompile>
    <ClCompile Include="..\..\..\..\..\src\librados\librados.cc">
      <Filter>src\librados</Filter>
    </ClCompile>
    <ClCompile Include="..\..\..\..\..\src\librados\RadosClient.cc">
      <Filter>src\librados</Filter>
    </ClCompile>
    <ClCompile Include="..\..\..\..\..\src\librados\RadosXattrIter.cc">
      <Filter>src\librados</Filter>
    </ClCompile>
    <ClCompile Include="..\..\..\..\..\src\librados\snap_set_diff.cc">
      <Filter>src\librados</Filter>
    </ClCompile>
    <ClCompile Include="..\..\..\..\..\src\common\addr_parsing.c">
      <Filter>src\common</Filter>
    </ClCompile>
    <ClCompile Include="..\..\..\..\..\src\common\address_helper.cc">
      <Filter>src\common</Filter>
    </ClCompile>
    <ClCompile Include="..\..\..\..\..\src\common\admin_socket.cc">
      <Filter>src\common</Filter>
    </ClCompile>
    <ClCompile Include="..\..\..\..\..\src\common\admin_socket_client.cc">
      <Filter>src\common</Filter>
    </ClCompile>
    <ClCompile Include="..\..\..\..\..\src\common\armor.c">
      <Filter>src\common</Filter>
    </ClCompile>
    <ClCompile Include="..\..\..\..\..\src\common\assert.cc">
      <Filter>src\common</Filter>
    </ClCompile>
    <ClCompile Include="..\..\..\..\..\src\common\BackTrace.cc">
      <Filter>src\common</Filter>
    </ClCompile>
    <ClCompile Include="..\..\..\..\..\src\common\blkdev.cc">
      <Filter>src\common</Filter>
    </ClCompile>
    <ClCompile Include="..\..\..\..\..\src\common\bloom_filter.cc">
      <Filter>src\common</Filter>
    </ClCompile>
    <ClCompile Include="..\..\..\..\..\src\common\buffer.cc">
      <Filter>src\common</Filter>
    </ClCompile>
    <ClCompile Include="..\..\..\..\..\src\common\ceph_argparse.cc">
      <Filter>src\common</Filter>
    </ClCompile>
    <ClCompile Include="..\..\..\..\..\src\common\ceph_context.cc">
      <Filter>src\common</Filter>
    </ClCompile>
    <ClCompile Include="..\..\..\..\..\src\common\ceph_crypto.cc">
      <Filter>src\common</Filter>
    </ClCompile>
    <ClCompile Include="..\..\..\..\..\src\common\ceph_crypto_cms.cc">
      <Filter>src\common</Filter>
    </ClCompile>
    <ClCompile Include="..\..\..\..\..\src\common\ceph_frag.cc">
      <Filter>src\common</Filter>
    </ClCompile>
    <ClCompile Include="..\..\..\..\..\src\common\ceph_fs.cc">
      <Filter>src\common</Filter>
    </ClCompile>
    <ClCompile Include="..\..\..\..\..\src\common\ceph_hash.cc">
      <Filter>src\common</Filter>
    </ClCompile>
    <ClCompile Include="..\..\..\..\..\src\common\ceph_json.cc">
      <Filter>src\common</Filter>
    </ClCompile>
    <ClCompile Include="..\..\..\..\..\src\common\ceph_strings.cc">
      <Filter>src\common</Filter>
    </ClCompile>
    <ClCompile Include="..\..\..\..\..\src\common\Clock.cc">
      <Filter>src\common</Filter>
    </ClCompile>
    <ClCompile Include="..\..\..\..\..\src\common\cmdparse.cc">
      <Filter>src\common</Filter>
    </ClCompile>
    <ClCompile Include="..\..\..\..\..\src\common\code_environment.cc">
      <Filter>src\common</Filter>
    </ClCompile>
    <ClCompile Include="..\..\..\..\..\src\common\common_init.cc">
      <Filter>src\common</Filter>
    </ClCompile>
    <ClCompile Include="..\..\..\..\..\src\common\config.cc">
      <Filter>src\common</Filter>
    </ClCompile>
    <ClCompile Include="..\..\..\..\..\src\common\ConfUtils.cc">
      <Filter>src\common</Filter>
    </ClCompile>
    <ClCompile Include="..\..\..\..\..\src\common\ContextCompletion.cc">
      <Filter>src\common</Filter>
    </ClCompile>
    <ClCompile Include="..\..\..\..\..\src\common\crc32c.cc">
      <Filter>src\common</Filter>
    </ClCompile>
    <ClCompile Include="..\..\..\..\..\src\common\crc32c_aarch64.c">
      <Filter>src\common</Filter>
    </ClCompile>
    <ClCompile Include="..\..\..\..\..\src\common\crc32c_intel_baseline.c">
      <Filter>src\common</Filter>
    </ClCompile>
    <ClCompile Include="..\..\..\..\..\src\common\crc32c_intel_fast.c">
      <Filter>src\common</Filter>
    </ClCompile>
    <ClCompile Include="..\..\..\..\..\src\common\Cycles.cc">
      <Filter>src\common</Filter>
    </ClCompile>
    <ClCompile Include="..\..\..\..\..\src\common\DecayCounter.cc">
      <Filter>src\common</Filter>
    </ClCompile>
    <ClCompile Include="..\..\..\..\..\src\common\dout.cc">
      <Filter>src\common</Filter>
    </ClCompile>
    <ClCompile Include="..\..\..\..\..\src\common\dummy.cc">
      <Filter>src\common</Filter>
    </ClCompile>
    <ClCompile Include="..\..\..\..\..\src\common\entity_name.cc">
      <Filter>src\common</Filter>
    </ClCompile>
    <ClCompile Include="..\..\..\..\..\src\common\environment.cc">
      <Filter>src\common</Filter>
    </ClCompile>
    <ClCompile Include="..\..\..\..\..\src\common\errno.cc">
      <Filter>src\common</Filter>
    </ClCompile>
    <ClCompile Include="..\..\..\..\..\src\common\escape.c">
      <Filter>src\common</Filter>
    </ClCompile>
    <ClCompile Include="..\..\..\..\..\src\common\fd.cc">
      <Filter>src\common</Filter>
    </ClCompile>
    <ClCompile Include="..\..\..\..\..\src\common\Finisher.cc">
      <Filter>src\common</Filter>
    </ClCompile>
    <ClCompile Include="..\..\..\..\..\src\common\Formatter.cc">
      <Filter>src\common</Filter>
    </ClCompile>
    <ClCompile Include="..\..\..\..\..\src\common\HeartbeatMap.cc">
      <Filter>src\common</Filter>
    </ClCompile>
    <ClCompile Include="..\..\..\..\..\src\common\hex.cc">
      <Filter>src\common</Filter>
    </ClCompile>
    <ClCompile Include="..\..\..\..\..\src\common\histogram.cc">
      <Filter>src\common</Filter>
    </ClCompile>
    <ClCompile Include="..\..\..\..\..\src\common\hobject.cc">
      <Filter>src\common</Filter>
    </ClCompile>
    <ClCompile Include="..\..\..\..\..\src\common\io_priority.cc">
      <Filter>src\common</Filter>
    </ClCompile>
    <ClCompile Include="..\..\..\..\..\src\common\ipaddr.cc">
      <Filter>src\common</Filter>
    </ClCompile>
    <ClCompile Include="..\..\..\..\..\src\common\linux_version.c">
      <Filter>src\common</Filter>
    </ClCompile>
    <ClCompile Include="..\..\..\..\..\src\common\lockdep.cc">
      <Filter>src\common</Filter>
    </ClCompile>
    <ClCompile Include="..\..\..\..\..\src\common\LogClient.cc">
      <Filter>src\common</Filter>
    </ClCompile>
    <ClCompile Include="..\..\..\..\..\src\common\LogEntry.cc">
      <Filter>src\common</Filter>
    </ClCompile>
    <ClCompile Include="..\..\..\..\..\src\common\MemoryModel.cc">
      <Filter>src\common</Filter>
    </ClCompile>
    <ClCompile Include="..\..\..\..\..\src\common\mime.c">
      <Filter>src\common</Filter>
    </ClCompile>
    <ClCompile Include="..\..\..\..\..\src\common\module.c">
      <Filter>src\common</Filter>
    </ClCompile>
    <ClCompile Include="..\..\..\..\..\src\common\Mutex.cc">
      <Filter>src\common</Filter>
    </ClCompile>
    <ClCompile Include="..\..\..\..\..\src\common\obj_bencher.cc">
      <Filter>src\common</Filter>
    </ClCompile>
    <ClCompile Include="..\..\..\..\..\src\common\OutputDataSocket.cc">
      <Filter>src\common</Filter>
    </ClCompile>
    <ClCompile Include="..\..\..\..\..\src\common\page.cc">
      <Filter>src\common</Filter>
    </ClCompile>
    <ClCompile Include="..\..\..\..\..\src\common\perf_counters.cc">
      <Filter>src\common</Filter>
    </ClCompile>
    <ClCompile Include="..\..\..\..\..\src\common\pick_address.cc">
      <Filter>src\common</Filter>
    </ClCompile>
    <ClCompile Include="..\..\..\..\..\src\common\pipe.c">
      <Filter>src\common</Filter>
    </ClCompile>
    <ClCompile Include="..\..\..\..\..\src\common\PrebufferedStreambuf.cc">
      <Filter>src\common</Filter>
    </ClCompile>
    <ClCompile Include="..\..\..\..\..\src\common\Readahead.cc">
      <Filter>src\common</Filter>
    </ClCompile>
    <ClCompile Include="..\..\..\..\..\src\common\RefCountedObj.cc">
      <Filter>src\common</Filter>
    </ClCompile>
    <ClCompile Include="..\..\..\..\..\src\common\run_cmd.cc">
      <Filter>src\common</Filter>
    </ClCompile>
    <ClCompile Include="..\..\..\..\..\src\common\safe_io.c">
      <Filter>src\common</Filter>
    </ClCompile>
    <ClCompile Include="..\..\..\..\..\src\common\sctp_crc32.c">
      <Filter>src\common</Filter>
    </ClCompile>
    <ClCompile Include="..\..\..\..\..\src\common\secret.c">
      <Filter>src\common</Filter>
    </ClCompile>
    <ClCompile Include="..\..\..\..\..\src\common\signal.cc">
      <Filter>src\common</Filter>
    </ClCompile>
    <ClCompile Include="..\..\..\..\..\src\common\simple_spin.cc">
      <Filter>src\common</Filter>
    </ClCompile>
    <ClCompile Include="..\..\..\..\..\src\common\SloppyCRCMap.cc">
      <Filter>src\common</Filter>
    </ClCompile>
    <ClCompile Include="..\..\..\..\..\src\common\snap_types.cc">
      <Filter>src\common</Filter>
    </ClCompile>
    <ClCompile Include="..\..\..\..\..\src\common\str_list.cc">
      <Filter>src\common</Filter>
    </ClCompile>
    <ClCompile Include="..\..\..\..\..\src\common\str_map.cc">
      <Filter>src\common</Filter>
    </ClCompile>
    <ClCompile Include="..\..\..\..\..\src\common\strtol.cc">
      <Filter>src\common</Filter>
    </ClCompile>
    <ClCompile Include="..\..\..\..\..\src\common\TextTable.cc">
      <Filter>src\common</Filter>
    </ClCompile>
    <ClCompile Include="..\..\..\..\..\src\common\Thread.cc">
      <Filter>src\common</Filter>
    </ClCompile>
    <ClCompile Include="..\..\..\..\..\src\common\Throttle.cc">
      <Filter>src\common</Filter>
    </ClCompile>
    <ClCompile Include="..\..\..\..\..\src\common\Timer.cc">
      <Filter>src\common</Filter>
    </ClCompile>
    <ClCompile Include="..\..\..\..\..\src\common\TracepointProvider.cc">
      <Filter>src\common</Filter>
    </ClCompile>
    <ClCompile Include="..\..\..\..\..\src\common\TrackedOp.cc">
      <Filter>src\common</Filter>
    </ClCompile>
    <ClCompile Include="..\..\..\..\..\src\common\types.cc">
      <Filter>src\common</Filter>
    </ClCompile>
    <ClCompile Include="..\..\..\..\..\src\common\utf8.c">
      <Filter>src\common</Filter>
    </ClCompile>
    <ClCompile Include="..\..\..\..\..\src\common\util.cc">
      <Filter>src\common</Filter>
    </ClCompile>
    <ClCompile Include="..\..\..\..\..\src\common\version.cc">
      <Filter>src\common</Filter>
    </ClCompile>
    <ClCompile Include="..\..\..\..\..\src\common\WorkQueue.cc">
      <Filter>src\common</Filter>
    </ClCompile>
    <ClCompile Include="..\..\..\..\..\src\common\xattr.c">
      <Filter>src\common</Filter>
    </ClCompile>
  </ItemGroup>
  <ItemGroup>
    <None Include="..\..\..\..\..\src\common\crc32c_intel_fast_asm.S">
      <Filter>src\common</Filter>
    </None>
    <None Include="..\..\..\..\..\src\common\crc32c_intel_fast_zero_asm.S">
      <Filter>src\common</Filter>
    </None>
  </ItemGroup>
</Project>